
Microsoft Visual Studio Solution File, Format Version 12.00
# Visual Studio Version 17
VisualStudioVersion = 17.4.33213.308
MinimumVisualStudioVersion = 10.0.40219.1
Project("{9A19103F-16F7-4668-BE54-9A1E7A4F7556}") = "PairProgramming", "PairProgramming\PairProgramming.csproj", "{68ED7D21-698D-410C-8CF1-279E9DF94570}"
EndProject
Project("{FAE04EC0-301F-11D3-BF4B-00C04F79EFBC}") = "PairProgrammingTests", "PairProgrammingTests\PairProgrammingTests.csproj", "{874BDE69-E00D-48F0-B971-F618CA4A23FD}"
EndProject
Global
	GlobalSection(SolutionConfigurationPlatforms) = preSolution
		Debug|Any CPU = Debug|Any CPU
		Release|Any CPU = Release|Any CPU
	EndGlobalSection
	GlobalSection(ProjectConfigurationPlatforms) = postSolution
		{68ED7D21-698D-410C-8CF1-279E9DF94570}.Debug|Any CPU.ActiveCfg = Debug|Any CPU
		{68ED7D21-698D-410C-8CF1-279E9DF94570}.Debug|Any CPU.Build.0 = Debug|Any CPU
		{68ED7D21-698D-410C-8CF1-279E9DF94570}.Release|Any CPU.ActiveCfg = Release|Any CPU
		{68ED7D21-698D-410C-8CF1-279E9DF94570}.Release|Any CPU.Build.0 = Release|Any CPU
		{874BDE69-E00D-48F0-B971-F618CA4A23FD}.Debug|Any CPU.ActiveCfg = Debug|Any CPU
		{874BDE69-E00D-48F0-B971-F618CA4A23FD}.Debug|Any CPU.Build.0 = Debug|Any CPU
		{874BDE69-E00D-48F0-B971-F618CA4A23FD}.Release|Any CPU.ActiveCfg = Release|Any CPU
		{874BDE69-E00D-48F0-B971-F618CA4A23FD}.Release|Any CPU.Build.0 = Release|Any CPU
	EndGlobalSection
	GlobalSection(SolutionProperties) = preSolution
		HideSolutionNode = FALSE
	EndGlobalSection
	GlobalSection(ExtensibilityGlobals) = postSolution
		SolutionGuid = {AA9CAD86-0E5D-4EAE-9EB6-AE2B9DCC975E}
	EndGlobalSection
EndGlobal
